
Microsoft Visual Studio Solution File, Format Version 12.00
# Visual Studio Version 17
VisualStudioVersion = 17.9.34616.47
MinimumVisualStudioVersion = 10.0.40219.1
Project("{9A19103F-16F7-4668-BE54-9A1E7A4F7556}") = "AIOPro.Web", "AIOPro\AIOPro.Web.csproj", "{8F8A8839-0219-4EED-B58B-28E089FDC421}"
EndProject
Project("{FAE04EC0-301F-11D3-BF4B-00C04F79EFBC}") = "AIOPro.Common", "AIOPro.Common\AIOPro.Common.csproj", "{4F52A38F-AD92-4681-8FE9-6AFA41131F96}"
EndProject
Project("{2150E333-8FDC-42A3-9474-1A3956D46DE8}") = "Web", "Web", "{8FCF0B7A-ACD7-4C71-9D6B-F1234D01F9FD}"
EndProject
Project("{2150E333-8FDC-42A3-9474-1A3956D46DE8}") = "Data", "Data", "{951C771F-7CE3-4536-A51F-1E430E3CC2EE}"
EndProject
Project("{FAE04EC0-301F-11D3-BF4B-00C04F79EFBC}") = "AIOPro.Data", "AIOPro.Data\AIOPro.Data.csproj", "{1F2EAF01-77D2-4501-8C0E-1E820DCB4A22}"
EndProject
Project("{FAE04EC0-301F-11D3-BF4B-00C04F79EFBC}") = "AIOPro.Data.Models", "AIOPro.Data.Models\AIOPro.Data.Models.csproj", "{B9C0DF0D-F4A8-49C3-9BC1-3BF21CCBDE33}"
EndProject
Project("{FAE04EC0-301F-11D3-BF4B-00C04F79EFBC}") = "AIOPro.Web.ViewModels", "AIOPro.Web.ViewModels\AIOPro.Web.ViewModels.csproj", "{5F2C4B6A-0E2A-46F8-A903-56B85843428D}"
EndProject
Global
	GlobalSection(SolutionConfigurationPlatforms) = preSolution
		Debug|Any CPU = Debug|Any CPU
		Release|Any CPU = Release|Any CPU
	EndGlobalSection
	GlobalSection(ProjectConfigurationPlatforms) = postSolution
		{8F8A8839-0219-4EED-B58B-28E089FDC421}.Debug|Any CPU.ActiveCfg = Debug|Any CPU
		{8F8A8839-0219-4EED-B58B-28E089FDC421}.Debug|Any CPU.Build.0 = Debug|Any CPU
		{8F8A8839-0219-4EED-B58B-28E089FDC421}.Release|Any CPU.ActiveCfg = Release|Any CPU
		{8F8A8839-0219-4EED-B58B-28E089FDC421}.Release|Any CPU.Build.0 = Release|Any CPU
		{4F52A38F-AD92-4681-8FE9-6AFA41131F96}.Debug|Any CPU.ActiveCfg = Debug|Any CPU
		{4F52A38F-AD92-4681-8FE9-6AFA41131F96}.Debug|Any CPU.Build.0 = Debug|Any CPU
		{4F52A38F-AD92-4681-8FE9-6AFA41131F96}.Release|Any CPU.ActiveCfg = Release|Any CPU
		{4F52A38F-AD92-4681-8FE9-6AFA41131F96}.Release|Any CPU.Build.0 = Release|Any CPU
		{1F2EAF01-77D2-4501-8C0E-1E820DCB4A22}.Debug|Any CPU.ActiveCfg = Debug|Any CPU
		{1F2EAF01-77D2-4501-8C0E-1E820DCB4A22}.Debug|Any CPU.Build.0 = Debug|Any CPU
		{1F2EAF01-77D2-4501-8C0E-1E820DCB4A22}.Release|Any CPU.ActiveCfg = Release|Any CPU
		{1F2EAF01-77D2-4501-8C0E-1E820DCB4A22}.Release|Any CPU.Build.0 = Release|Any CPU
		{B9C0DF0D-F4A8-49C3-9BC1-3BF21CCBDE33}.Debug|Any CPU.ActiveCfg = Debug|Any CPU
		{B9C0DF0D-F4A8-49C3-9BC1-3BF21CCBDE33}.Debug|Any CPU.Build.0 = Debug|Any CPU
		{B9C0DF0D-F4A8-49C3-9BC1-3BF21CCBDE33}.Release|Any CPU.ActiveCfg = Release|Any CPU
		{B9C0DF0D-F4A8-49C3-9BC1-3BF21CCBDE33}.Release|Any CPU.Build.0 = Release|Any CPU
		{5F2C4B6A-0E2A-46F8-A903-56B85843428D}.Debug|Any CPU.ActiveCfg = Debug|Any CPU
		{5F2C4B6A-0E2A-46F8-A903-56B85843428D}.Debug|Any CPU.Build.0 = Debug|Any CPU
		{5F2C4B6A-0E2A-46F8-A903-56B85843428D}.Release|Any CPU.ActiveCfg = Release|Any CPU
		{5F2C4B6A-0E2A-46F8-A903-56B85843428D}.Release|Any CPU.Build.0 = Release|Any CPU
	EndGlobalSection
	GlobalSection(SolutionProperties) = preSolution
		HideSolutionNode = FALSE
	EndGlobalSection
	GlobalSection(NestedProjects) = preSolution
		{8F8A8839-0219-4EED-B58B-28E089FDC421} = {8FCF0B7A-ACD7-4C71-9D6B-F1234D01F9FD}
		{1F2EAF01-77D2-4501-8C0E-1E820DCB4A22} = {951C771F-7CE3-4536-A51F-1E430E3CC2EE}
		{B9C0DF0D-F4A8-49C3-9BC1-3BF21CCBDE33} = {951C771F-7CE3-4536-A51F-1E430E3CC2EE}
		{5F2C4B6A-0E2A-46F8-A903-56B85843428D} = {8FCF0B7A-ACD7-4C71-9D6B-F1234D01F9FD}
	EndGlobalSection
	GlobalSection(ExtensibilityGlobals) = postSolution
		SolutionGuid = {46D737F9-8E0E-4C80-A1EB-A1137552FC45}
	EndGlobalSection
EndGlobal
